
Microsoft Visual Studio Solution File, Format Version 12.00
# Visual Studio 15
Project("{FAE04EC0-301F-11D3-BF4B-00C04F79EFBC}") = "SmallBank", "SmallBank\SmallBank.csproj", "{3813FFCE-13E2-4F80-9B3C-0A013418D521}"
EndProject
Global
	GlobalSection(SolutionConfigurationPlatforms) = preSolution
		Debug|Any CPU = Debug|Any CPU
		Release|Any CPU = Release|Any CPU
	EndGlobalSection
	GlobalSection(ProjectConfigurationPlatforms) = postSolution
		{3813FFCE-13E2-4F80-9B3C-0A013418D521}.Debug|Any CPU.ActiveCfg = Debug|Any CPU
		{3813FFCE-13E2-4F80-9B3C-0A013418D521}.Debug|Any CPU.Build.0 = Debug|Any CPU
		{3813FFCE-13E2-4F80-9B3C-0A013418D521}.Release|Any CPU.ActiveCfg = Release|Any CPU
		{3813FFCE-13E2-4F80-9B3C-0A013418D521}.Release|Any CPU.Build.0 = Release|Any CPU
	EndGlobalSection
EndGlobal
